
Microsoft Visual Studio Solution File, Format Version 12.00
# Visual Studio Version 16
VisualStudioVersion = 16.0.31402.337
MinimumVisualStudioVersion = 10.0.40219.1
Project("{FAE04EC0-301F-11D3-BF4B-00C04F79EFBC}") = "ScreenCoordinate", "ScreenCoordinate\ScreenCoordinate.csproj", "{25E7BC8E-5B39-40A5-A692-6F1C50FAE691}"
EndProject
Global
	GlobalSection(SolutionConfigurationPlatforms) = preSolution
		Debug|Any CPU = Debug|Any CPU
		Release|Any CPU = Release|Any CPU
	EndGlobalSection
	GlobalSection(ProjectConfigurationPlatforms) = postSolution
		{25E7BC8E-5B39-40A5-A692-6F1C50FAE691}.Debug|Any CPU.ActiveCfg = Debug|Any CPU
		{25E7BC8E-5B39-40A5-A692-6F1C50FAE691}.Debug|Any CPU.Build.0 = Debug|Any CPU
		{25E7BC8E-5B39-40A5-A692-6F1C50FAE691}.Release|Any CPU.ActiveCfg = Release|Any CPU
		{25E7BC8E-5B39-40A5-A692-6F1C50FAE691}.Release|Any CPU.Build.0 = Release|Any CPU
	EndGlobalSection
	GlobalSection(SolutionProperties) = preSolution
		HideSolutionNode = FALSE
	EndGlobalSection
	GlobalSection(ExtensibilityGlobals) = postSolution
		SolutionGuid = {C36740D8-9E77-42C1-B2CF-1E2F254F341C}
	EndGlobalSection
EndGlobal
